// !$*UTF8*$!
{
	archiveVersion = 1;
	classes = {
	};
	objectVersion = 56;
	objects = {

/* Begin PBXBuildFile section */
		DCD81CFB2ACD943000D6C956 /* AppDelegate.swift in Sources */ = {isa = PBXBuildFile; fileRef = DCD81CFA2ACD943000D6C956 /* AppDelegate.swift */; };
		DCD81CFD2ACD943000D6C956 /* SceneDelegate.swift in Sources */ = {isa = PBXBuildFile; fileRef = DCD81CFC2ACD943000D6C956 /* SceneDelegate.swift */; };
		DCD81CFF2ACD943000D6C956 /* ViewController.swift in Sources */ = {isa = PBXBuildFile; fileRef = DCD81CFE2ACD943000D6C956 /* ViewController.swift */; };
		DCD81D022ACD943000D6C956 /* Main.storyboard in Resources */ = {isa = PBXBuildFile; fileRef = DCD81D002ACD943000D6C956 /* Main.storyboard */; };
		DCD81D042ACD943100D6C956 /* Assets.xcassets in Resources */ = {isa = PBXBuildFile; fileRef = DCD81D032ACD943100D6C956 /* Assets.xcassets */; };
		DCD81D072ACD943100D6C956 /* LaunchScreen.storyboard in Resources */ = {isa = PBXBuildFile; fileRef = DCD81D052ACD943100D6C956 /* LaunchScreen.storyboard */; };
		DCD81D112ACD948600D6C956 /* MultiHeaderTableView in Frameworks */ = {isa = PBXBuildFile; productRef = DCD81D102ACD948600D6C956 /* MultiHeaderTableView */; };
		DCD81D172ACD951500D6C956 /* ItemViewModel.swift in Sources */ = {isa = PBXBuildFile; fileRef = DCD81D142ACD951400D6C956 /* ItemViewModel.swift */; };
		DCD81D182ACD951500D6C956 /* SubHeaderViewModel.swift in Sources */ = {isa = PBXBuildFile; fileRef = DCD81D152ACD951500D6C956 /* SubHeaderViewModel.swift */; };
		DCD81D192ACD951500D6C956 /* MainHeaderViewModel.swift in Sources */ = {isa = PBXBuildFile; fileRef = DCD81D162ACD951500D6C956 /* MainHeaderViewModel.swift */; };
		DCD81D1D2ACD951B00D6C956 /* ItemCell.swift in Sources */ = {isa = PBXBuildFile; fileRef = DCD81D1A2ACD951B00D6C956 /* ItemCell.swift */; };
		DCD81D1E2ACD951B00D6C956 /* SubHeaderCell.swift in Sources */ = {isa = PBXBuildFile; fileRef = DCD81D1B2ACD951B00D6C956 /* SubHeaderCell.swift */; };
		DCD81D1F2ACD951B00D6C956 /* MainHeaderCell.swift in Sources */ = {isa = PBXBuildFile; fileRef = DCD81D1C2ACD951B00D6C956 /* MainHeaderCell.swift */; };
/* End PBXBuildFile section */

/* Begin PBXFileReference section */
		DCD81CF72ACD943000D6C956 /* MultiHeaderTableViewDemo.app */ = {isa = PBXFileReference; explicitFileType = wrapper.application; includeInIndex = 0; path = MultiHeaderTableViewDemo.app; sourceTree = BUILT_PRODUCTS_DIR; };
		DCD81CFA2ACD943000D6C956 /* AppDelegate.swift */ = {isa = PBXFileReference; lastKnownFileType = sourcecode.swift; path = AppDelegate.swift; sourceTree = "<group>"; };
		DCD81CFC2ACD943000D6C956 /* SceneDelegate.swift */ = {isa = PBXFileReference; lastKnownFileType = sourcecode.swift; path = SceneDelegate.swift; sourceTree = "<group>"; };
		DCD81CFE2ACD943000D6C956 /* ViewController.swift */ = {isa = PBXFileReference; lastKnownFileType = sourcecode.swift; path = ViewController.swift; sourceTree = "<group>"; };
		DCD81D012ACD943000D6C956 /* Base */ = {isa = PBXFileReference; lastKnownFileType = file.storyboard; name = Base; path = Base.lproj/Main.storyboard; sourceTree = "<group>"; };
		DCD81D032ACD943100D6C956 /* Assets.xcassets */ = {isa = PBXFileReference; lastKnownFileType = folder.assetcatalog; path = Assets.xcassets; sourceTree = "<group>"; };
		DCD81D062ACD943100D6C956 /* Base */ = {isa = PBXFileReference; lastKnownFileType = file.storyboard; name = Base; path = Base.lproj/LaunchScreen.storyboard; sourceTree = "<group>"; };
		DCD81D082ACD943100D6C956 /* Info.plist */ = {isa = PBXFileReference; lastKnownFileType = text.plist.xml; path = Info.plist; sourceTree = "<group>"; };
		DCD81D0E2ACD947200D6C956 /* MultiHeaderTableView */ = {isa = PBXFileReference; lastKnownFileType = wrapper; name = MultiHeaderTableView; path = ..; sourceTree = "<group>"; };
		DCD81D142ACD951400D6C956 /* ItemViewModel.swift */ = {isa = PBXFileReference; fileEncoding = 4; lastKnownFileType = sourcecode.swift; path = ItemViewModel.swift; sourceTree = "<group>"; };
		DCD81D152ACD951500D6C956 /* SubHeaderViewModel.swift */ = {isa = PBXFileReference; fileEncoding = 4; lastKnownFileType = sourcecode.swift; path = SubHeaderViewModel.swift; sourceTree = "<group>"; };
		DCD81D162ACD951500D6C956 /* MainHeaderViewModel.swift */ = {isa = PBXFileReference; fileEncoding = 4; lastKnownFileType = sourcecode.swift; path = MainHeaderViewModel.swift; sourceTree = "<group>"; };
		DCD81D1A2ACD951B00D6C956 /* ItemCell.swift */ = {isa = PBXFileReference; fileEncoding = 4; lastKnownFileType = sourcecode.swift; path = ItemCell.swift; sourceTree = "<group>"; };
		DCD81D1B2ACD951B00D6C956 /* SubHeaderCell.swift */ = {isa = PBXFileReference; fileEncoding = 4; lastKnownFileType = sourcecode.swift; path = SubHeaderCell.swift; sourceTree = "<group>"; };
		DCD81D1C2ACD951B00D6C956 /* MainHeaderCell.swift */ = {isa = PBXFileReference; fileEncoding = 4; lastKnownFileType = sourcecode.swift; path = MainHeaderCell.swift; sourceTree = "<group>"; };
/* End PBXFileReference section */

/* Begin PBXFrameworksBuildPhase section */
		DCD81CF42ACD943000D6C956 /* Frameworks */ = {
			isa = PBXFrameworksBuildPhase;
			buildActionMask = 2147483647;
			files = (
				DCD81D112ACD948600D6C956 /* MultiHeaderTableView in Frameworks */,
			);
			runOnlyForDeploymentPostprocessing = 0;
		};
/* End PBXFrameworksBuildPhase section */

/* Begin PBXGroup section */
		DCD81CEE2ACD943000D6C956 = {
			isa = PBXGroup;
			children = (
				DCD81D0E2ACD947200D6C956 /* MultiHeaderTableView */,
				DCD81CF92ACD943000D6C956 /* MultiHeaderTableViewDemo */,
				DCD81CF82ACD943000D6C956 /* Products */,
				DCD81D0F2ACD948600D6C956 /* Frameworks */,
			);
			sourceTree = "<group>";
		};
		DCD81CF82ACD943000D6C956 /* Products */ = {
			isa = PBXGroup;
			children = (
				DCD81CF72ACD943000D6C956 /* MultiHeaderTableViewDemo.app */,
			);
			name = Products;
			sourceTree = "<group>";
		};
		DCD81CF92ACD943000D6C956 /* MultiHeaderTableViewDemo */ = {
			isa = PBXGroup;
			children = (
				DCD81D132ACD950B00D6C956 /* ViewModel */,
				DCD81D122ACD950400D6C956 /* Cell */,
				DCD81CFA2ACD943000D6C956 /* AppDelegate.swift */,
				DCD81CFC2ACD943000D6C956 /* SceneDelegate.swift */,
				DCD81CFE2ACD943000D6C956 /* ViewController.swift */,
				DCD81D002ACD943000D6C956 /* Main.storyboard */,
				DCD81D032ACD943100D6C956 /* Assets.xcassets */,
				DCD81D052ACD943100D6C956 /* LaunchScreen.storyboard */,
				DCD81D082ACD943100D6C956 /* Info.plist */,
			);
			path = MultiHeaderTableViewDemo;
			sourceTree = "<group>";
		};
		DCD81D0F2ACD948600D6C956 /* Frameworks */ = {
			isa = PBXGroup;
			children = (
			);
			name = Frameworks;
			sourceTree = "<group>";
		};
		DCD81D122ACD950400D6C956 /* Cell */ = {
			isa = PBXGroup;
			children = (
				DCD81D1A2ACD951B00D6C956 /* ItemCell.swift */,
				DCD81D1C2ACD951B00D6C956 /* MainHeaderCell.swift */,
				DCD81D1B2ACD951B00D6C956 /* SubHeaderCell.swift */,
			);
			path = Cell;
			sourceTree = "<group>";
		};
		DCD81D132ACD950B00D6C956 /* ViewModel */ = {
			isa = PBXGroup;
			children = (
				DCD81D142ACD951400D6C956 /* ItemViewModel.swift */,
				DCD81D162ACD951500D6C956 /* MainHeaderViewModel.swift */,
				DCD81D152ACD951500D6C956 /* SubHeaderViewModel.swift */,
			);
			path = ViewModel;
			sourceTree = "<group>";
		};
/* End PBXGroup section */

/* Begin PBXNativeTarget section */
		DCD81CF62ACD943000D6C956 /* MultiHeaderTableViewDemo */ = {
			isa = PBXNativeTarget;
			buildConfigurationList = DCD81D0B2ACD943100D6C956 /* Build configuration list for PBXNativeTarget "MultiHeaderTableViewDemo" */;
			buildPhases = (
				DCD81CF32ACD943000D6C956 /* Sources */,
				DCD81CF42ACD943000D6C956 /* Frameworks */,
				DCD81CF52ACD943000D6C956 /* Resources */,
			);
			buildRules = (
			);
			dependencies = (
			);
			name = MultiHeaderTableViewDemo;
			packageProductDependencies = (
				DCD81D102ACD948600D6C956 /* MultiHeaderTableView */,
			);
			productName = MultiHeaderTableViewDemo;
			productReference = DCD81CF72ACD943000D6C956 /* MultiHeaderTableViewDemo.app */;
			productType = "com.apple.product-type.application";
		};
/* End PBXNativeTarget section */

/* Begin PBXProject section */
		DCD81CEF2ACD943000D6C956 /* Project object */ = {
			isa = PBXProject;
			attributes = {
				BuildIndependentTargetsInParallel = 1;
				LastSwiftUpdateCheck = 1500;
				LastUpgradeCheck = 1500;
				TargetAttributes = {
					DCD81CF62ACD943000D6C956 = {
						CreatedOnToolsVersion = 15.0;
					};
				};
			};
			buildConfigurationList = DCD81CF22ACD943000D6C956 /* Build configuration list for PBXProject "MultiHeaderTableViewDemo" */;
			compatibilityVersion = "Xcode 14.0";
			developmentRegion = en;
			hasScannedForEncodings = 0;
			knownRegions = (
				en,
				Base,
			);
			mainGroup = DCD81CEE2ACD943000D6C956;
			productRefGroup = DCD81CF82ACD943000D6C956 /* Products */;
			projectDirPath = "";
			projectRoot = "";
			targets = (
				DCD81CF62ACD943000D6C956 /* MultiHeaderTableViewDemo */,
			);
		};
/* End PBXProject section */

/* Begin PBXResourcesBuildPhase section */
		DCD81CF52ACD943000D6C956 /* Resources */ = {
			isa = PBXResourcesBuildPhase;
			buildActionMask = 2147483647;
			files = (
				DCD81D072ACD943100D6C956 /* LaunchScreen.storyboard in Resources */,
				DCD81D042ACD943100D6C956 /* Assets.xcassets in Resources */,
				DCD81D022ACD943000D6C956 /* Main.storyboard in Resources */,
			);
			runOnlyForDeploymentPostprocessing = 0;
		};
/* End PBXResourcesBuildPhase section */

/* Begin PBXSourcesBuildPhase section */
		DCD81CF32ACD943000D6C956 /* Sources */ = {
			isa = PBXSourcesBuildPhase;
			buildActionMask = 2147483647;
			files = (
				DCD81CFF2ACD943000D6C956 /* ViewController.swift in Sources */,
				DCD81D1E2ACD951B00D6C956 /* SubHeaderCell.swift in Sources */,
				DCD81D172ACD951500D6C956 /* ItemViewModel.swift in Sources */,
				DCD81D192ACD951500D6C956 /* MainHeaderViewModel.swift in Sources */,
				DCD81D182ACD951500D6C956 /* SubHeaderViewModel.swift in Sources */,
				DCD81D1D2ACD951B00D6C956 /* ItemCell.swift in Sources */,
				DCD81D1F2ACD951B00D6C956 /* MainHeaderCell.swift in Sources */,
				DCD81CFB2ACD943000D6C956 /* AppDelegate.swift in Sources */,
				DCD81CFD2ACD943000D6C956 /* SceneDelegate.swift in Sources */,
			);
			runOnlyForDeploymentPostprocessing = 0;
		};
/* End PBXSourcesBuildPhase section */

/* Begin PBXVariantGroup section */
		DCD81D002ACD943000D6C956 /* Main.storyboard */ = {
			isa = PBXVariantGroup;
			children = (
				DCD81D012ACD943000D6C956 /* Base */,
			);
			name = Main.storyboard;
			sourceTree = "<group>";
		};
		DCD81D052ACD943100D6C956 /* LaunchScreen.storyboard */ = {
			isa = PBXVariantGroup;
			children = (
				DCD81D062ACD943100D6C956 /* Base */,
			);
			name = LaunchScreen.storyboard;
			sourceTree = "<group>";
		};
/* End PBXVariantGroup section */

/* Begin XCBuildConfiguration section */
		DCD81D092ACD943100D6C956 /* Debug */ = {
			isa = XCBuildConfiguration;
			buildSettings = {
				ALWAYS_SEARCH_USER_PATHS = NO;
				ASSETCATALOG_COMPILER_GENERATE_SWIFT_ASSET_SYMBOL_EXTENSIONS = YES;
				CLANG_ANALYZER_NONNULL = YES;
				CLANG_ANALYZER_NUMBER_OBJECT_CONVERSION = YES_AGGRESSIVE;
				CLANG_CXX_LANGUAGE_STANDARD = "gnu++20";
				CLANG_ENABLE_MODULES = YES;
				CLANG_ENABLE_OBJC_ARC = YES;
				CLANG_ENABLE_OBJC_WEAK = YES;
				CLANG_WARN_BLOCK_CAPTURE_AUTORELEASING = YES;
				CLANG_WARN_BOOL_CONVERSION = YES;
				CLANG_WARN_COMMA = YES;
				CLANG_WARN_CONSTANT_CONVERSION = YES;
				CLANG_WARN_DEPRECATED_OBJC_IMPLEMENTATIONS = YES;
				CLANG_WARN_DIRECT_OBJC_ISA_USAGE = YES_ERROR;
				CLANG_WARN_DOCUMENTATION_COMMENTS = YES;
				CLANG_WARN_EMPTY_BODY = YES;
				CLANG_WARN_ENUM_CONVERSION = YES;
				CLANG_WARN_INFINITE_RECURSION = YES;
				CLANG_WARN_INT_CONVERSION = YES;
				CLANG_WARN_NON_LITERAL_NULL_CONVERSION = YES;
				CLANG_WARN_OBJC_IMPLICIT_RETAIN_SELF = YES;
				CLANG_WARN_OBJC_LITERAL_CONVERSION = YES;
				CLANG_WARN_OBJC_ROOT_CLASS = YES_ERROR;
				CLANG_WARN_QUOTED_INCLUDE_IN_FRAMEWORK_HEADER = YES;
				CLANG_WARN_RANGE_LOOP_ANALYSIS = YES;
				CLANG_WARN_STRICT_PROTOTYPES = YES;
				CLANG_WARN_SUSPICIOUS_MOVE = YES;
				CLANG_WARN_UNGUARDED_AVAILABILITY = YES_AGGRESSIVE;
				CLANG_WARN_UNREACHABLE_CODE = YES;
				CLANG_WARN__DUPLICATE_METHOD_MATCH = YES;
				COPY_PHASE_STRIP = NO;
				DEBUG_INFORMATION_FORMAT = dwarf;
				ENABLE_STRICT_OBJC_MSGSEND = YES;
				ENABLE_TESTABILITY = YES;
				ENABLE_USER_SCRIPT_SANDBOXING = YES;
				GCC_C_LANGUAGE_STANDARD = gnu17;
				GCC_DYNAMIC_NO_PIC = NO;
				GCC_NO_COMMON_BLOCKS = YES;
				GCC_OPTIMIZATION_LEVEL = 0;
				GCC_PREPROCESSOR_DEFINITIONS = (
					"DEBUG=1",
					"$(inherited)",
				);
				GCC_WARN_64_TO_32_BIT_CONVERSION = YES;
				GCC_WARN_ABOUT_RETURN_TYPE = YES_ERROR;
				GCC_WARN_UNDECLARED_SELECTOR = YES;
				GCC_WARN_UNINITIALIZED_AUTOS = YES_AGGRESSIVE;
				GCC_WARN_UNUSED_FUNCTION = YES;
				GCC_WARN_UNUSED_VARIABLE = YES;
				IPHONEOS_DEPLOYMENT_TARGET = 17.0;
				LOCALIZATION_PREFERS_STRING_CATALOGS = YES;
				MTL_ENABLE_DEBUG_INFO = INCLUDE_SOURCE;
				MTL_FAST_MATH = YES;
				ONLY_ACTIVE_ARCH = YES;
				SDKROOT = iphoneos;
				SWIFT_ACTIVE_COMPILATION_CONDITIONS = "DEBUG $(inherited)";
				SWIFT_OPTIMIZATION_LEVEL = "-Onone";
			};
			name = Debug;
		};
		DCD81D0A2ACD943100D6C956 /* Release */ = {
			isa = XCBuildConfiguration;
			buildSettings = {
				ALWAYS_SEARCH_USER_PATHS = NO;
				ASSETCATALOG_COMPILER_GENERATE_SWIFT_ASSET_SYMBOL_EXTENSIONS = YES;
				CLANG_ANALYZER_NONNULL = YES;
				CLANG_ANALYZER_NUMBER_OBJECT_CONVERSION = YES_AGGRESSIVE;
				CLANG_CXX_LANGUAGE_STANDARD = "gnu++20";
				CLANG_ENABLE_MODULES = YES;
				CLANG_ENABLE_OBJC_ARC = YES;
				CLANG_ENABLE_OBJC_WEAK = YES;
				CLANG_WARN_BLOCK_CAPTURE_AUTORELEASING = YES;
				CLANG_WARN_BOOL_CONVERSION = YES;
				CLANG_WARN_COMMA = YES;
				CLANG_WARN_CONSTANT_CONVERSION = YES;
				CLANG_WARN_DEPRECATED_OBJC_IMPLEMENTATIONS = YES;
				CLANG_WARN_DIRECT_OBJC_ISA_USAGE = YES_ERROR;
				CLANG_WARN_DOCUMENTATION_COMMENTS = YES;
				CLANG_WARN_EMPTY_BODY = YES;
				CLANG_WARN_ENUM_CONVERSION = YES;
				CLANG_WARN_INFINITE_RECURSION = YES;
				CLANG_WARN_INT_CONVERSION = YES;
				CLANG_WARN_NON_LITERAL_NULL_CONVERSION = YES;
				CLANG_WARN_OBJC_IMPLICIT_RETAIN_SELF = YES;
				CLANG_WARN_OBJC_LITERAL_CONVERSION = YES;
				CLANG_WARN_OBJC_ROOT_CLASS = YES_ERROR;
				CLANG_WARN_QUOTED_INCLUDE_IN_FRAMEWORK_HEADER = YES;
				CLANG_WARN_RANGE_LOOP_ANALYSIS = YES;
				CLANG_WARN_STRICT_PROTOTYPES = YES;
				CLANG_WARN_SUSPICIOUS_MOVE = YES;
				CLANG_WARN_UNGUARDED_AVAILABILITY = YES_AGGRESSIVE;
				CLANG_WARN_UNREACHABLE_CODE = YES;
				CLANG_WARN__DUPLICATE_METHOD_MATCH = YES;
				COPY_PHASE_STRIP = NO;
				DEBUG_INFORMATION_FORMAT = "dwarf-with-dsym";
				ENABLE_NS_ASSERTIONS = NO;
				ENABLE_STRICT_OBJC_MSGSEND = YES;
				ENABLE_USER_SCRIPT_SANDBOXING = YES;
				GCC_C_LANGUAGE_STANDARD = gnu17;
				GCC_NO_COMMON_BLOCKS = YES;
				GCC_WARN_64_TO_32_BIT_CONVERSION = YES;
				GCC_WARN_ABOUT_RETURN_TYPE = YES_ERROR;
				GCC_WARN_UNDECLARED_SELECTOR = YES;
				GCC_WARN_UNINITIALIZED_AUTOS = YES_AGGRESSIVE;
				GCC_WARN_UNUSED_FUNCTION = YES;
				GCC_WARN_UNUSED_VARIABLE = YES;
				IPHONEOS_DEPLOYMENT_TARGET = 17.0;
				LOCALIZATION_PREFERS_STRING_CATALOGS = YES;
				MTL_ENABLE_DEBUG_INFO = NO;
				MTL_FAST_MATH = YES;
				SDKROOT = iphoneos;
				SWIFT_COMPILATION_MODE = wholemodule;
				VALIDATE_PRODUCT = YES;
			};
			name = Release;
		};
		DCD81D0C2ACD943100D6C956 /* Debug */ = {
			isa = XCBuildConfiguration;
			buildSettings = {
				ASSETCATALOG_COMPILER_APPICON_NAME = AppIcon;
				ASSETCATALOG_COMPILER_GLOBAL_ACCENT_COLOR_NAME = AccentColor;
				CODE_SIGN_STYLE = Automatic;
				CURRENT_PROJECT_VERSION = 1;
				GENERATE_INFOPLIST_FILE = YES;
				INFOPLIST_FILE = MultiHeaderTableViewDemo/Info.plist;
				INFOPLIST_KEY_UIApplicationSupportsIndirectInputEvents = YES;
				INFOPLIST_KEY_UILaunchStoryboardName = LaunchScreen;
				INFOPLIST_KEY_UIMainStoryboardFile = Main;
				INFOPLIST_KEY_UISupportedInterfaceOrientations_iPad = "UIInterfaceOrientationPortrait UIInterfaceOrientationPortraitUpsideDown UIInterfaceOrientationLandscapeLeft UIInterfaceOrientationLandscapeRight";
				INFOPLIST_KEY_UISupportedInterfaceOrientations_iPhone = "UIInterfaceOrientationPortrait UIInterfaceOrientationLandscapeLeft UIInterfaceOrientationLandscapeRight";
				LD_RUNPATH_SEARCH_PATHS = (
					"$(inherited)",
					"@executable_path/Frameworks",
				);
				MARKETING_VERSION = 1.0;
				PRODUCT_BUNDLE_IDENTIFIER = com.nsoft.MultiHeaderTableViewDemo;
				PRODUCT_NAME = "$(TARGET_NAME)";
				SWIFT_EMIT_LOC_STRINGS = YES;
				SWIFT_VERSION = 5.0;
				TARGETED_DEVICE_FAMILY = "1,2";
			};
			name = Debug;
		};
		DCD81D0D2ACD943100D6C956 /* Release */ = {
			isa = XCBuildConfiguration;
			buildSettings = {
				ASSETCATALOG_COMPILER_APPICON_NAME = AppIcon;
				ASSETCATALOG_COMPILER_GLOBAL_ACCENT_COLOR_NAME = AccentColor;
				CODE_SIGN_STYLE = Automatic;
				CURRENT_PROJECT_VERSION = 1;
				GENERATE_INFOPLIST_FILE = YES;
				INFOPLIST_FILE = MultiHeaderTableViewDemo/Info.plist;
				INFOPLIST_KEY_UIApplicationSupportsIndirectInputEvents = YES;
				INFOPLIST_KEY_UILaunchStoryboardName = LaunchScreen;
				INFOPLIST_KEY_UIMainStoryboardFile = Main;
				INFOPLIST_KEY_UISupportedInterfaceOrientations_iPad = "UIInterfaceOrientationPortrait UIInterfaceOrientationPortraitUpsideDown UIInterfaceOrientationLandscapeLeft UIInterfaceOrientationLandscapeRight";
				INFOPLIST_KEY_UISupportedInterfaceOrientations_iPhone = "UIInterfaceOrientationPortrait UIInterfaceOrientationLandscapeLeft UIInterfaceOrientationLandscapeRight";
				LD_RUNPATH_SEARCH_PATHS = (
					"$(inherited)",
					"@executable_path/Frameworks",
				);
				MARKETING_VERSION = 1.0;
				PRODUCT_BUNDLE_IDENTIFIER = com.nsoft.MultiHeaderTableViewDemo;
				PRODUCT_NAME = "$(TARGET_NAME)";
				SWIFT_EMIT_LOC_STRINGS = YES;
				SWIFT_VERSION = 5.0;
				TARGETED_DEVICE_FAMILY = "1,2";
			};
			name = Release;
		};
/* End XCBuildConfiguration section */

/* Begin XCConfigurationList section */
		DCD81CF22ACD943000D6C956 /* Build configuration list for PBXProject "MultiHeaderTableViewDemo" */ = {
			isa = XCConfigurationList;
			buildConfigurations = (
				DCD81D092ACD943100D6C956 /* Debug */,
				DCD81D0A2ACD943100D6C956 /* Release */,
			);
			defaultConfigurationIsVisible = 0;
			defaultConfigurationName = Release;
		};
		DCD81D0B2ACD943100D6C956 /* Build configuration list for PBXNativeTarget "MultiHeaderTableViewDemo" */ = {
			isa = XCConfigurationList;
			buildConfigurations = (
				DCD81D0C2ACD943100D6C956 /* Debug */,
				DCD81D0D2ACD943100D6C956 /* Release */,
			);
			defaultConfigurationIsVisible = 0;
			defaultConfigurationName = Release;
		};
/* End XCConfigurationList section */

/* Begin XCSwiftPackageProductDependency section */
		DCD81D102ACD948600D6C956 /* MultiHeaderTableView */ = {
			isa = XCSwiftPackageProductDependency;
			productName = MultiHeaderTableView;
		};
/* End XCSwiftPackageProductDependency section */
	};
	rootObject = DCD81CEF2ACD943000D6C956 /* Project object */;
}
